
Microsoft Visual Studio Solution File, Format Version 12.00
# Visual Studio Version 17
VisualStudioVersion = 17.11.35327.3
MinimumVisualStudioVersion = 10.0.40219.1
Project("{FAE04EC0-301F-11D3-BF4B-00C04F79EFBC}") = "EducationProcess", "EducationProcess\EducationProcess.csproj", "{0F984E02-635A-4994-8A1E-A24A578F17B7}"
EndProject
Global
	GlobalSection(SolutionConfigurationPlatforms) = preSolution
		Debug|Any CPU = Debug|Any CPU
		Release|Any CPU = Release|Any CPU
	EndGlobalSection
	GlobalSection(ProjectConfigurationPlatforms) = postSolution
		{0F984E02-635A-4994-8A1E-A24A578F17B7}.Debug|Any CPU.ActiveCfg = Debug|Any CPU
		{0F984E02-635A-4994-8A1E-A24A578F17B7}.Debug|Any CPU.Build.0 = Debug|Any CPU
		{0F984E02-635A-4994-8A1E-A24A578F17B7}.Release|Any CPU.ActiveCfg = Release|Any CPU
		{0F984E02-635A-4994-8A1E-A24A578F17B7}.Release|Any CPU.Build.0 = Release|Any CPU
	EndGlobalSection
	GlobalSection(SolutionProperties) = preSolution
		HideSolutionNode = FALSE
	EndGlobalSection
	GlobalSection(ExtensibilityGlobals) = postSolution
		SolutionGuid = {0B324977-6433-4157-8CC9-E93618C127B5}
	EndGlobalSection
EndGlobal
